{
	"name": "mvon-tcl",
	"version": "1.0.0",
	"lockfileVersion": 1,
	"requires": true,
	"dependencies": {
		"@types/mocha": {
			"version": "5.2.5",
			"resolved": "https://registry.npmjs.org/@types/mocha/-/mocha-5.2.5.tgz",
			"integrity": "sha512-lAVp+Kj54ui/vLUFxsJTMtWvZraZxum3w3Nwkble2dNuV5VnPA+Mi2oGX9XYJAaIvZi3tn3cbjS/qcJXRb6Bww==",
			"dev": true
		},
		"@types/node": {
			"version": "8.10.29",
			"resolved": "https://registry.npmjs.org/@types/node/-/node-8.10.29.tgz",
			"integrity": "sha512-zbteaWZ2mdduacm0byELwtRyhYE40aK+pAanQk415gr1eRuu67x7QGOLmn8jz5zI8LDK7d0WI/oT6r5Trz4rzQ==",
			"dev": true
		},
		"async": {
			"version": "2.6.1",
			"resolved": "https://registry.npmjs.org/async/-/async-2.6.1.tgz",
			"integrity": "sha512-fNEiL2+AZt6AlAw/29Cr0UDe4sRAHCpEHh54WMz+Bb7QfNcFw4h3loofyJpLeQs4Yx7yuqu/2dLgM5hKOs6HlQ==",
			"requires": {
				"lodash": "4.17.11"
			}
		},
		"iconv-lite": {
			"version": "0.4.24",
			"resolved": "https://registry.npmjs.org/iconv-lite/-/iconv-lite-0.4.24.tgz",
			"integrity": "sha512-v3MXnZAcvnywkTUEZomIActle7RXXeedOR31wwl7VlyoXO4Qi9arvSenNQWne1TcRwhCL1HwLI21bEqdpj8/rA==",
			"requires": {
				"safer-buffer": "2.1.2"
			}
		},
		"lodash": {
			"version": "4.17.11",
			"resolved": "https://registry.npmjs.org/lodash/-/lodash-4.17.11.tgz",
			"integrity": "sha512-cQKh8igo5QUhZ7lg38DYWAxMvjSAKG0A8wGSVimP07SIUEK2UO+arSRKbRZWtelMtN5V0Hkwh5ryOto/SshYIg=="
		},
		"once-multi-eventlistener": {
			"version": "1.0.4",
			"resolved": "https://registry.npmjs.org/once-multi-eventlistener/-/once-multi-eventlistener-1.0.4.tgz",
			"integrity": "sha512-2rhIwxchp8+ZPlC4JlLzcYptYnvB12q69cMGSuOFLw7AYy+Ij+D7vLW/5UEeIcVG99gejo93Og2DeR+3GEzQNQ=="
		},
		"safer-buffer": {
			"version": "2.1.2",
			"resolved": "https://registry.npmjs.org/safer-buffer/-/safer-buffer-2.1.2.tgz",
			"integrity": "sha512-YZo3K82SD7Riyi0E1EQPojLz7kpepnSQI9IyPbHHg1XXXevb5dJI7tpyN2ADxGcQbHG7vcyRHk0cbwqcQriUtg=="
		},
		"socket-promise": {
			"version": "1.0.1",
			"resolved": "https://registry.npmjs.org/socket-promise/-/socket-promise-1.0.1.tgz",
			"integrity": "sha512-IUVa90q6sjIGwH9eYk5p7Jz0bt2Zjo8PY0kJJqGVURAoiuQiEQuKRUc8U2+cfv/uLBovMXjVj68fLbguYfWNOQ==",
			"requires": {
				"once-multi-eventlistener": "1.0.4"
			}
		},
		"typescript": {
			"version": "2.8.3",
			"resolved": "https://registry.npmjs.org/typescript/-/typescript-2.8.3.tgz",
			"integrity": "sha512-K7g15Bb6Ra4lKf7Iq2l/I5/En+hLIHmxWZGq3D4DIRNFxMNV6j2SHSvDOqs2tGd4UvD/fJvrwopzQXjLrT7Itw==",
			"dev": true
		}
	}
}
